
Microsoft Visual Studio Solution File, Format Version 12.00
# Visual Studio Version 17
VisualStudioVersion = 17.9.34701.34
MinimumVisualStudioVersion = 10.0.40219.1
Project("{FAE04EC0-301F-11D3-BF4B-00C04F79EFBC}") = "CS_banking", "CS_banking\CS_banking.csproj", "{3417D6ED-9A0D-4201-8F9E-721B40AE4480}"
EndProject
Global
	GlobalSection(SolutionConfigurationPlatforms) = preSolution
		Debug|Any CPU = Debug|Any CPU
		Release|Any CPU = Release|Any CPU
	EndGlobalSection
	GlobalSection(ProjectConfigurationPlatforms) = postSolution
		{3417D6ED-9A0D-4201-8F9E-721B40AE4480}.Debug|Any CPU.ActiveCfg = Debug|Any CPU
		{3417D6ED-9A0D-4201-8F9E-721B40AE4480}.Debug|Any CPU.Build.0 = Debug|Any CPU
		{3417D6ED-9A0D-4201-8F9E-721B40AE4480}.Release|Any CPU.ActiveCfg = Release|Any CPU
		{3417D6ED-9A0D-4201-8F9E-721B40AE4480}.Release|Any CPU.Build.0 = Release|Any CPU
	EndGlobalSection
	GlobalSection(SolutionProperties) = preSolution
		HideSolutionNode = FALSE
	EndGlobalSection
	GlobalSection(ExtensibilityGlobals) = postSolution
		SolutionGuid = {1EE9C0AE-8C67-43EA-8345-DF6552020025}
	EndGlobalSection
EndGlobal
